
Microsoft Visual Studio Solution File, Format Version 12.00
# Visual Studio 15
VisualStudioVersion = 15.0.27703.2018
MinimumVisualStudioVersion = 10.0.40219.1
Project("{8BC9CEB8-8B4A-11D0-8D11-00A0C91BC942}") = "PatchIWNet", "PatchIWNet\PatchIWNet.vcxproj", "{B12B7629-6E14-41E9-9F4F-26E7B5CCC2EA}"
EndProject
Global
	GlobalSection(SolutionConfigurationPlatforms) = preSolution
		Debug|Win32 = Debug|Win32
		Release|Win32 = Release|Win32
	EndGlobalSection
	GlobalSection(ProjectConfigurationPlatforms) = postSolution
		{B12B7629-6E14-41E9-9F4F-26E7B5CCC2EA}.Debug|Win32.ActiveCfg = Debug|Win32
		{B12B7629-6E14-41E9-9F4F-26E7B5CCC2EA}.Debug|Win32.Build.0 = Debug|Win32
		{B12B7629-6E14-41E9-9F4F-26E7B5CCC2EA}.Release|Win32.ActiveCfg = Release|Win32
		{B12B7629-6E14-41E9-9F4F-26E7B5CCC2EA}.Release|Win32.Build.0 = Release|Win32
	EndGlobalSection
	GlobalSection(SolutionProperties) = preSolution
		HideSolutionNode = FALSE
	EndGlobalSection
	GlobalSection(ExtensibilityGlobals) = postSolution
		SolutionGuid = {C36AA0E9-4B2C-4D79-85D7-296F7C57A21C}
	EndGlobalSection
EndGlobal
